# This file is autogenerated, do not edit; changes may be undone by the next 'dep ensure'.


[[projects]]
  digest = "1:d395d2621c61bdbcaf62fb749d90ec55a51d112329e653aeca87fbd1075723aa"
  name = "github.com/karrick/godirwalk"
  packages = ["."]
  pruneopts = "UT"
  revision = "2de2192f9e35ce981c152a873ed943b93b79ced4"
  version = "v1.7.5"

[[projects]]
  branch = "master"
  digest = "1:03f6f430c25614089460bd1531c21edc10ba3971fa3362995a18dabbd16da705"
  name = "github.com/pborman/getopt"
  packages = ["v2"]
  pruneopts = "UT"
  revision = "2b5b3bfb099b7da3e2f433966f8ab1d5803e0876"

[[projects]]
  digest = "1:40e195917a951a8bf867cd05de2a46aaf1806c50cf92eebf4c16f78cd196f747"
  name = "github.com/pkg/errors"
  packages = ["."]
  pruneopts = "UT"
  revision = "645ef00459ed84a119197bfb8d8205042c6df63d"
  version = "v0.8.0"

[[projects]]
  branch = "master"
  digest = "1:76ee51c3f468493aff39dbacc401e8831fbb765104cbf613b89bef01cf4bad70"
  name = "golang.org/x/net"
  packages = ["context"]
  pruneopts = "UT"
  revision = "9b4f9f5ad5197c79fd623a3638e70d8b26cef344"

[[projects]]
  branch = "master"
  digest = "1:3999f33378307b31523d09a9d40a6bec5fc0e00478b85e6155db40d9b5e526bc"
  name = "golang.org/x/sys"
  packages = ["unix"]
  pruneopts = "UT"
  revision = "2772b66316d2c587efeb188dcd5ebc6987656e84"

[solve-meta]
  analyzer-name = "dep"
  analyzer-version = 1
  input-imports = [
    "github.com/karrick/godirwalk",
    "github.com/pborman/getopt/v2",
    "golang.org/x/net/context",
    "golang.org/x/sys/unix",
  ]
  solver-name = "gps-cdcl"
  solver-version = 1
